
Microsoft Visual Studio Solution File, Format Version 12.00
# Visual Studio Version 16
VisualStudioVersion = 16.6.30114.105
MinimumVisualStudioVersion = 10.0.40219.1
Project("{FAE04EC0-301F-11D3-BF4B-00C04F79EFBC}") = "ProEventos.Application", "ProEventos.Application\ProEventos.Application.csproj", "{67F945E5-E877-4ABD-B15F-BA2E3B662398}"
EndProject
Project("{FAE04EC0-301F-11D3-BF4B-00C04F79EFBC}") = "ProEventos.API", "ProEventos.API\ProEventos.API.csproj", "{5139D6F9-D20C-4D56-B012-E1BADE9F1BA4}"
EndProject
Project("{FAE04EC0-301F-11D3-BF4B-00C04F79EFBC}") = "ProEventos.Domain", "ProEventos.Domain\ProEventos.Domain.csproj", "{56E651C5-1A52-458F-99F3-64EB9918D498}"
EndProject
Project("{FAE04EC0-301F-11D3-BF4B-00C04F79EFBC}") = "ProEventos.Persistence", "ProEventos.Persistence\ProEventos.Persistence.csproj", "{28492BEC-1F8C-4C10-BED8-8E8C37788C15}"
EndProject
Global
	GlobalSection(SolutionConfigurationPlatforms) = preSolution
		Debug|Any CPU = Debug|Any CPU
		Debug|x64 = Debug|x64
		Debug|x86 = Debug|x86
		Release|Any CPU = Release|Any CPU
		Release|x64 = Release|x64
		Release|x86 = Release|x86
	EndGlobalSection
	GlobalSection(SolutionProperties) = preSolution
		HideSolutionNode = FALSE
	EndGlobalSection
	GlobalSection(ProjectConfigurationPlatforms) = postSolution
		{67F945E5-E877-4ABD-B15F-BA2E3B662398}.Debug|Any CPU.ActiveCfg = Debug|Any CPU
		{67F945E5-E877-4ABD-B15F-BA2E3B662398}.Debug|Any CPU.Build.0 = Debug|Any CPU
		{67F945E5-E877-4ABD-B15F-BA2E3B662398}.Debug|x64.ActiveCfg = Debug|Any CPU
		{67F945E5-E877-4ABD-B15F-BA2E3B662398}.Debug|x64.Build.0 = Debug|Any CPU
		{67F945E5-E877-4ABD-B15F-BA2E3B662398}.Debug|x86.ActiveCfg = Debug|Any CPU
		{67F945E5-E877-4ABD-B15F-BA2E3B662398}.Debug|x86.Build.0 = Debug|Any CPU
		{67F945E5-E877-4ABD-B15F-BA2E3B662398}.Release|Any CPU.ActiveCfg = Release|Any CPU
		{67F945E5-E877-4ABD-B15F-BA2E3B662398}.Release|Any CPU.Build.0 = Release|Any CPU
		{67F945E5-E877-4ABD-B15F-BA2E3B662398}.Release|x64.ActiveCfg = Release|Any CPU
		{67F945E5-E877-4ABD-B15F-BA2E3B662398}.Release|x64.Build.0 = Release|Any CPU
		{67F945E5-E877-4ABD-B15F-BA2E3B662398}.Release|x86.ActiveCfg = Release|Any CPU
		{67F945E5-E877-4ABD-B15F-BA2E3B662398}.Release|x86.Build.0 = Release|Any CPU
		{5139D6F9-D20C-4D56-B012-E1BADE9F1BA4}.Debug|Any CPU.ActiveCfg = Debug|Any CPU
		{5139D6F9-D20C-4D56-B012-E1BADE9F1BA4}.Debug|Any CPU.Build.0 = Debug|Any CPU
		{5139D6F9-D20C-4D56-B012-E1BADE9F1BA4}.Debug|x64.ActiveCfg = Debug|Any CPU
		{5139D6F9-D20C-4D56-B012-E1BADE9F1BA4}.Debug|x64.Build.0 = Debug|Any CPU
		{5139D6F9-D20C-4D56-B012-E1BADE9F1BA4}.Debug|x86.ActiveCfg = Debug|Any CPU
		{5139D6F9-D20C-4D56-B012-E1BADE9F1BA4}.Debug|x86.Build.0 = Debug|Any CPU
		{5139D6F9-D20C-4D56-B012-E1BADE9F1BA4}.Release|Any CPU.ActiveCfg = Release|Any CPU
		{5139D6F9-D20C-4D56-B012-E1BADE9F1BA4}.Release|Any CPU.Build.0 = Release|Any CPU
		{5139D6F9-D20C-4D56-B012-E1BADE9F1BA4}.Release|x64.ActiveCfg = Release|Any CPU
		{5139D6F9-D20C-4D56-B012-E1BADE9F1BA4}.Release|x64.Build.0 = Release|Any CPU
		{5139D6F9-D20C-4D56-B012-E1BADE9F1BA4}.Release|x86.ActiveCfg = Release|Any CPU
		{5139D6F9-D20C-4D56-B012-E1BADE9F1BA4}.Release|x86.Build.0 = Release|Any CPU
		{56E651C5-1A52-458F-99F3-64EB9918D498}.Debug|Any CPU.ActiveCfg = Debug|Any CPU
		{56E651C5-1A52-458F-99F3-64EB9918D498}.Debug|Any CPU.Build.0 = Debug|Any CPU
		{56E651C5-1A52-458F-99F3-64EB9918D498}.Debug|x64.ActiveCfg = Debug|Any CPU
		{56E651C5-1A52-458F-99F3-64EB9918D498}.Debug|x64.Build.0 = Debug|Any CPU
		{56E651C5-1A52-458F-99F3-64EB9918D498}.Debug|x86.ActiveCfg = Debug|Any CPU
		{56E651C5-1A52-458F-99F3-64EB9918D498}.Debug|x86.Build.0 = Debug|Any CPU
		{56E651C5-1A52-458F-99F3-64EB9918D498}.Release|Any CPU.ActiveCfg = Release|Any CPU
		{56E651C5-1A52-458F-99F3-64EB9918D498}.Release|Any CPU.Build.0 = Release|Any CPU
		{56E651C5-1A52-458F-99F3-64EB9918D498}.Release|x64.ActiveCfg = Release|Any CPU
		{56E651C5-1A52-458F-99F3-64EB9918D498}.Release|x64.Build.0 = Release|Any CPU
		{56E651C5-1A52-458F-99F3-64EB9918D498}.Release|x86.ActiveCfg = Release|Any CPU
		{56E651C5-1A52-458F-99F3-64EB9918D498}.Release|x86.Build.0 = Release|Any CPU
		{28492BEC-1F8C-4C10-BED8-8E8C37788C15}.Debug|Any CPU.ActiveCfg = Debug|Any CPU
		{28492BEC-1F8C-4C10-BED8-8E8C37788C15}.Debug|Any CPU.Build.0 = Debug|Any CPU
		{28492BEC-1F8C-4C10-BED8-8E8C37788C15}.Debug|x64.ActiveCfg = Debug|Any CPU
		{28492BEC-1F8C-4C10-BED8-8E8C37788C15}.Debug|x64.Build.0 = Debug|Any CPU
		{28492BEC-1F8C-4C10-BED8-8E8C37788C15}.Debug|x86.ActiveCfg = Debug|Any CPU
		{28492BEC-1F8C-4C10-BED8-8E8C37788C15}.Debug|x86.Build.0 = Debug|Any CPU
		{28492BEC-1F8C-4C10-BED8-8E8C37788C15}.Release|Any CPU.ActiveCfg = Release|Any CPU
		{28492BEC-1F8C-4C10-BED8-8E8C37788C15}.Release|Any CPU.Build.0 = Release|Any CPU
		{28492BEC-1F8C-4C10-BED8-8E8C37788C15}.Release|x64.ActiveCfg = Release|Any CPU
		{28492BEC-1F8C-4C10-BED8-8E8C37788C15}.Release|x64.Build.0 = Release|Any CPU
		{28492BEC-1F8C-4C10-BED8-8E8C37788C15}.Release|x86.ActiveCfg = Release|Any CPU
		{28492BEC-1F8C-4C10-BED8-8E8C37788C15}.Release|x86.Build.0 = Release|Any CPU
	EndGlobalSection
EndGlobal
